
Microsoft Visual Studio Solution File, Format Version 12.00
# Visual Studio Version 17
VisualStudioVersion = 17.5.002.0
MinimumVisualStudioVersion = 10.0.40219.1
Project("{9A19103F-16F7-4668-BE54-9A1E7A4F7556}") = "StudentHub", "StudentHub.csproj", "{EC247B30-4AF6-4E09-B4FC-CB7BA806063C}"
EndProject
Global
	GlobalSection(SolutionConfigurationPlatforms) = preSolution
		Debug|Any CPU = Debug|Any CPU
		Release|Any CPU = Release|Any CPU
	EndGlobalSection
	GlobalSection(ProjectConfigurationPlatforms) = postSolution
		{EC247B30-4AF6-4E09-B4FC-CB7BA806063C}.Debug|Any CPU.ActiveCfg = Debug|Any CPU
		{EC247B30-4AF6-4E09-B4FC-CB7BA806063C}.Debug|Any CPU.Build.0 = Debug|Any CPU
		{EC247B30-4AF6-4E09-B4FC-CB7BA806063C}.Release|Any CPU.ActiveCfg = Release|Any CPU
		{EC247B30-4AF6-4E09-B4FC-CB7BA806063C}.Release|Any CPU.Build.0 = Release|Any CPU
	EndGlobalSection
	GlobalSection(SolutionProperties) = preSolution
		HideSolutionNode = FALSE
	EndGlobalSection
	GlobalSection(ExtensibilityGlobals) = postSolution
		SolutionGuid = {DE40A922-1A26-4C2E-958E-DFAA187F8D58}
	EndGlobalSection
EndGlobal
